
Microsoft Visual Studio Solution File, Format Version 12.00
# Visual Studio Version 16
VisualStudioVersion = 16.0.30907.101
MinimumVisualStudioVersion = 10.0.40219.1
Project("{9A19103F-16F7-4668-BE54-9A1E7A4F7556}") = "HittaPartnerApp.API", "HittaPartnerApp.API\HittaPartnerApp.API.csproj", "{A6A029DC-20D8-4115-9CD1-4F0676C9E0DB}"
EndProject
Project("{9A19103F-16F7-4668-BE54-9A1E7A4F7556}") = "HittaPartnerApp.Models", "HittaPartnerApp.Models\HittaPartnerApp.Models.csproj", "{98124230-168B-47C0-897A-1629EA86B044}"
EndProject
Project("{FAE04EC0-301F-11D3-BF4B-00C04F79EFBC}") = "WebApplication1", "WebApplication1\WebApplication1.csproj", "{6CBB963A-CA53-436A-90A8-AAB4246A34CF}"
EndProject
Global
	GlobalSection(SolutionConfigurationPlatforms) = preSolution
		Debug|Any CPU = Debug|Any CPU
		Release|Any CPU = Release|Any CPU
	EndGlobalSection
	GlobalSection(ProjectConfigurationPlatforms) = postSolution
		{A6A029DC-20D8-4115-9CD1-4F0676C9E0DB}.Debug|Any CPU.ActiveCfg = Debug|Any CPU
		{A6A029DC-20D8-4115-9CD1-4F0676C9E0DB}.Debug|Any CPU.Build.0 = Debug|Any CPU
		{A6A029DC-20D8-4115-9CD1-4F0676C9E0DB}.Release|Any CPU.ActiveCfg = Release|Any CPU
		{A6A029DC-20D8-4115-9CD1-4F0676C9E0DB}.Release|Any CPU.Build.0 = Release|Any CPU
		{98124230-168B-47C0-897A-1629EA86B044}.Debug|Any CPU.ActiveCfg = Debug|Any CPU
		{98124230-168B-47C0-897A-1629EA86B044}.Debug|Any CPU.Build.0 = Debug|Any CPU
		{98124230-168B-47C0-897A-1629EA86B044}.Release|Any CPU.ActiveCfg = Release|Any CPU
		{98124230-168B-47C0-897A-1629EA86B044}.Release|Any CPU.Build.0 = Release|Any CPU
		{6CBB963A-CA53-436A-90A8-AAB4246A34CF}.Debug|Any CPU.ActiveCfg = Debug|Any CPU
		{6CBB963A-CA53-436A-90A8-AAB4246A34CF}.Debug|Any CPU.Build.0 = Debug|Any CPU
		{6CBB963A-CA53-436A-90A8-AAB4246A34CF}.Release|Any CPU.ActiveCfg = Release|Any CPU
		{6CBB963A-CA53-436A-90A8-AAB4246A34CF}.Release|Any CPU.Build.0 = Release|Any CPU
	EndGlobalSection
	GlobalSection(SolutionProperties) = preSolution
		HideSolutionNode = FALSE
	EndGlobalSection
	GlobalSection(ExtensibilityGlobals) = postSolution
		SolutionGuid = {70C84CF1-8DBB-49BC-9844-1FFAF3E85F96}
	EndGlobalSection
EndGlobal
